
Microsoft Visual Studio Solution File, Format Version 12.00
# Visual Studio 2012
Project("{FAE04EC0-301F-11D3-BF4B-00C04F79EFBC}") = "JistBridge", "JistBridge\JistBridge.csproj", "{EF12E669-5744-4337-8D6D-2D5CF748C6F6}"
EndProject
Project("{2150E333-8FDC-42A3-9474-1A3956D46DE8}") = ".nuget", ".nuget", "{2184BEE2-718A-4710-81D7-9973F1751B8D}"
	ProjectSection(SolutionItems) = preProject
		.nuget\NuGet.Config = .nuget\NuGet.Config
		.nuget\NuGet.exe = .nuget\NuGet.exe
		.nuget\NuGet.targets = .nuget\NuGet.targets
	EndProjectSection
EndProject
Global
	GlobalSection(SolutionConfigurationPlatforms) = preSolution
		Debug|Any CPU = Debug|Any CPU
		Release|Any CPU = Release|Any CPU
	EndGlobalSection
	GlobalSection(ProjectConfigurationPlatforms) = postSolution
		{EF12E669-5744-4337-8D6D-2D5CF748C6F6}.Debug|Any CPU.ActiveCfg = Debug|Any CPU
		{EF12E669-5744-4337-8D6D-2D5CF748C6F6}.Debug|Any CPU.Build.0 = Debug|Any CPU
		{EF12E669-5744-4337-8D6D-2D5CF748C6F6}.Release|Any CPU.ActiveCfg = Release|Any CPU
		{EF12E669-5744-4337-8D6D-2D5CF748C6F6}.Release|Any CPU.Build.0 = Release|Any CPU
	EndGlobalSection
	GlobalSection(SolutionProperties) = preSolution
		HideSolutionNode = FALSE
	EndGlobalSection
EndGlobal
